PODS:
  - JiveAuthenticatingHTTPProtocol (0.3.2)
  - JiveAuthenticatingWebViewController (0.1.1):
    - JiveAuthenticatingHTTPProtocol (= 0.3.2)

DEPENDENCIES:
  - JiveAuthenticatingWebViewController (from `.`)

EXTERNAL SOURCES:
  JiveAuthenticatingWebViewController:
    :path: .

SPEC CHECKSUMS:
  JiveAuthenticatingHTTPProtocol: f4d81a029622fe9347c38d55c2239ecdbba91720
  JiveAuthenticatingWebViewController: dadaace247c888b33739bbc5b05a652b6fabb5f6

COCOAPODS: 0.37.2
